
Microsoft Visual Studio Solution File, Format Version 11.00
# Visual Studio 2010
Project("{8BC9CEB8-8B4A-11D0-8D11-00A0C91BC942}") = "x360dd", "x360dd\x360dd_vs11.vcxproj", "{8BEA98CB-483B-4A6F-99B2-3F9B9D21D375}"
EndProject
Global
	GlobalSection(SolutionConfigurationPlatforms) = preSolution
		Debug|Win32 = Debug|Win32
		Release|Win32 = Release|Win32
	EndGlobalSection
	GlobalSection(ProjectConfigurationPlatforms) = postSolution
		{8BEA98CB-483B-4A6F-99B2-3F9B9D21D375}.Debug|Win32.ActiveCfg = Debug|Win32
		{8BEA98CB-483B-4A6F-99B2-3F9B9D21D375}.Debug|Win32.Build.0 = Debug|Win32
		{8BEA98CB-483B-4A6F-99B2-3F9B9D21D375}.Release|Win32.ActiveCfg = Release|Win32
		{8BEA98CB-483B-4A6F-99B2-3F9B9D21D375}.Release|Win32.Build.0 = Release|Win32
	EndGlobalSection
	GlobalSection(SolutionProperties) = preSolution
		HideSolutionNode = FALSE
	EndGlobalSection
EndGlobal
